
Microsoft Visual Studio Solution File, Format Version 12.00
# Visual Studio 15
VisualStudioVersion = 15.0.28307.271
MinimumVisualStudioVersion = 10.0.40219.1
Project("{FAE04EC0-301F-11D3-BF4B-00C04F79EFBC}") = "Practice", "Practice\Practice.csproj", "{B09BA70F-A189-4AE4-A8D8-1AC8B7559B18}"
EndProject
Global
	GlobalSection(SolutionConfigurationPlatforms) = preSolution
		Debug|Any CPU = Debug|Any CPU
		Release|Any CPU = Release|Any CPU
	EndGlobalSection
	GlobalSection(ProjectConfigurationPlatforms) = postSolution
		{B09BA70F-A189-4AE4-A8D8-1AC8B7559B18}.Debug|Any CPU.ActiveCfg = Debug|Any CPU
		{B09BA70F-A189-4AE4-A8D8-1AC8B7559B18}.Debug|Any CPU.Build.0 = Debug|Any CPU
		{B09BA70F-A189-4AE4-A8D8-1AC8B7559B18}.Release|Any CPU.ActiveCfg = Release|Any CPU
		{B09BA70F-A189-4AE4-A8D8-1AC8B7559B18}.Release|Any CPU.Build.0 = Release|Any CPU
	EndGlobalSection
	GlobalSection(SolutionProperties) = preSolution
		HideSolutionNode = FALSE
	EndGlobalSection
	GlobalSection(ExtensibilityGlobals) = postSolution
		SolutionGuid = {A71CC25F-A443-433C-95F5-DB067B8433D7}
	EndGlobalSection
EndGlobal
